
Microsoft Visual Studio Solution File, Format Version 12.00
# Visual Studio Version 17
VisualStudioVersion = 17.0.31903.59
MinimumVisualStudioVersion = 10.0.40219.1
Project("{FAE04EC0-301F-11D3-BF4B-00C04F79EFBC}") = "TodoApi", "TodoApi\TodoApi.csproj", "{61F0FF51-D24F-4C93-8914-E79BBA746DD5}"
EndProject
Project("{FAE04EC0-301F-11D3-BF4B-00C04F79EFBC}") = "TodoList", "TodoList\TodoList.csproj", "{2764C0A5-182F-4B4F-AAF9-38B47CC60D3E}"
EndProject
Project("{FAE04EC0-301F-11D3-BF4B-00C04F79EFBC}") = "TodoApiTest", "TodoApiTest\TodoApiTest.csproj", "{A40377A2-2723-457F-A8BD-293EDF3EF33A}"
EndProject
Global
	GlobalSection(SolutionConfigurationPlatforms) = preSolution
		Debug|Any CPU = Debug|Any CPU
		Release|Any CPU = Release|Any CPU
	EndGlobalSection
	GlobalSection(SolutionProperties) = preSolution
		HideSolutionNode = FALSE
	EndGlobalSection
	GlobalSection(ProjectConfigurationPlatforms) = postSolution
		{61F0FF51-D24F-4C93-8914-E79BBA746DD5}.Debug|Any CPU.ActiveCfg = Debug|Any CPU
		{61F0FF51-D24F-4C93-8914-E79BBA746DD5}.Debug|Any CPU.Build.0 = Debug|Any CPU
		{61F0FF51-D24F-4C93-8914-E79BBA746DD5}.Release|Any CPU.ActiveCfg = Release|Any CPU
		{61F0FF51-D24F-4C93-8914-E79BBA746DD5}.Release|Any CPU.Build.0 = Release|Any CPU
		{2764C0A5-182F-4B4F-AAF9-38B47CC60D3E}.Debug|Any CPU.ActiveCfg = Debug|Any CPU
		{2764C0A5-182F-4B4F-AAF9-38B47CC60D3E}.Debug|Any CPU.Build.0 = Debug|Any CPU
		{2764C0A5-182F-4B4F-AAF9-38B47CC60D3E}.Release|Any CPU.ActiveCfg = Release|Any CPU
		{2764C0A5-182F-4B4F-AAF9-38B47CC60D3E}.Release|Any CPU.Build.0 = Release|Any CPU
		{A40377A2-2723-457F-A8BD-293EDF3EF33A}.Debug|Any CPU.ActiveCfg = Debug|Any CPU
		{A40377A2-2723-457F-A8BD-293EDF3EF33A}.Debug|Any CPU.Build.0 = Debug|Any CPU
		{A40377A2-2723-457F-A8BD-293EDF3EF33A}.Release|Any CPU.ActiveCfg = Release|Any CPU
		{A40377A2-2723-457F-A8BD-293EDF3EF33A}.Release|Any CPU.Build.0 = Release|Any CPU
	EndGlobalSection
EndGlobal
